
Microsoft Visual Studio Solution File, Format Version 12.00
# Visual Studio 14
VisualStudioVersion = 14.0.22823.1
MinimumVisualStudioVersion = 10.0.40219.1
Project("{FAE04EC0-301F-11D3-BF4B-00C04F79EFBC}") = "RegularExpressionQuery", "RegularExpressionQuery\RegularExpressionQuery.csproj", "{4D965A1D-7DDB-430E-BC3C-720F31F97DA4}"
EndProject
Project("{FAE04EC0-301F-11D3-BF4B-00C04F79EFBC}") = "RegularExpressionQueryTest", "RegularExpressionQueryTest\RegularExpressionQueryTest.csproj", "{9E17DDBB-DE41-431F-9116-8E5FDD8C8801}"
EndProject
Global
	GlobalSection(SolutionConfigurationPlatforms) = preSolution
		Debug|Any CPU = Debug|Any CPU
		Release|Any CPU = Release|Any CPU
	EndGlobalSection
	GlobalSection(ProjectConfigurationPlatforms) = postSolution
		{4D965A1D-7DDB-430E-BC3C-720F31F97DA4}.Debug|Any CPU.ActiveCfg = Debug|Any CPU
		{4D965A1D-7DDB-430E-BC3C-720F31F97DA4}.Debug|Any CPU.Build.0 = Debug|Any CPU
		{4D965A1D-7DDB-430E-BC3C-720F31F97DA4}.Release|Any CPU.ActiveCfg = Release|Any CPU
		{4D965A1D-7DDB-430E-BC3C-720F31F97DA4}.Release|Any CPU.Build.0 = Release|Any CPU
		{9E17DDBB-DE41-431F-9116-8E5FDD8C8801}.Debug|Any CPU.ActiveCfg = Debug|Any CPU
		{9E17DDBB-DE41-431F-9116-8E5FDD8C8801}.Debug|Any CPU.Build.0 = Debug|Any CPU
		{9E17DDBB-DE41-431F-9116-8E5FDD8C8801}.Release|Any CPU.ActiveCfg = Release|Any CPU
		{9E17DDBB-DE41-431F-9116-8E5FDD8C8801}.Release|Any CPU.Build.0 = Release|Any CPU
	EndGlobalSection
	GlobalSection(SolutionProperties) = preSolution
		HideSolutionNode = FALSE
	EndGlobalSection
	GlobalSection(TeamFoundationVersionControl) = preSolution
		SccNumberOfProjects = 3
		SccEnterpriseProvider = {4CA58AB2-18FA-4F8D-95D4-32DDF27D184C}
		SccTeamFoundationServer = https://mydogfood.visualstudio.com/defaultcollection
		SccLocalPath0 = .
		SccProjectUniqueName1 = RegularExpressionQuery\\RegularExpressionQuery.csproj
		SccProjectName1 = RegularExpressionQuery
		SccLocalPath1 = RegularExpressionQuery
		SccProjectUniqueName2 = RegularExpressionQueryTest\\RegularExpressionQueryTest.csproj
		SccProjectName2 = RegularExpressionQueryTest
		SccLocalPath2 = RegularExpressionQueryTest
	EndGlobalSection
EndGlobal
